
Microsoft Visual Studio Solution File, Format Version 12.00
# Visual Studio 14
VisualStudioVersion = 14.0.23107.0
MinimumVisualStudioVersion = 10.0.40219.1
Project("{2150E333-8FDC-42A3-9474-1A3956D46DE8}") = "src", "src", "{52F26A71-5BD6-4629-A410-C80114A1D353}"
EndProject
Project("{2150E333-8FDC-42A3-9474-1A3956D46DE8}") = "Solution Items", "Solution Items", "{9C4C51A7-DA27-454A-B7FD-6FA6C3417281}"
EndProject
Project("{2150E333-8FDC-42A3-9474-1A3956D46DE8}") = "Presentation", "Presentation", "{7609A195-7469-425B-A3FB-9ADF29EF8B36}"
EndProject
Project("{2150E333-8FDC-42A3-9474-1A3956D46DE8}") = "Business", "Business", "{6B4A4D5B-357B-4053-8075-CF210F754A3F}"
EndProject
Project("{2150E333-8FDC-42A3-9474-1A3956D46DE8}") = "Infrastructure", "Infrastructure", "{9C2BEB52-73FE-4134-A511-4B082F31C627}"
EndProject
Project("{FAE04EC0-301F-11D3-BF4B-00C04F79EFBC}") = "SpaJumpstart.Data", "SpaJumpstart.Data\SpaJumpstart.Data.csproj", "{8423B2D3-F770-4FE3-BC75-D204B65450F2}"
EndProject
Project("{FAE04EC0-301F-11D3-BF4B-00C04F79EFBC}") = "SpaJumpstart.Domain", "SpaJumpstart.Domain\SpaJumpstart.Domain.csproj", "{BE0F4980-CA02-484B-8DA6-27B04CF51FF0}"
EndProject
Global
	GlobalSection(SolutionConfigurationPlatforms) = preSolution
		Debug|Any CPU = Debug|Any CPU
		Release|Any CPU = Release|Any CPU
	EndGlobalSection
	GlobalSection(ProjectConfigurationPlatforms) = postSolution
		{8423B2D3-F770-4FE3-BC75-D204B65450F2}.Debug|Any CPU.ActiveCfg = Debug|Any CPU
		{8423B2D3-F770-4FE3-BC75-D204B65450F2}.Debug|Any CPU.Build.0 = Debug|Any CPU
		{8423B2D3-F770-4FE3-BC75-D204B65450F2}.Release|Any CPU.ActiveCfg = Release|Any CPU
		{8423B2D3-F770-4FE3-BC75-D204B65450F2}.Release|Any CPU.Build.0 = Release|Any CPU
		{BE0F4980-CA02-484B-8DA6-27B04CF51FF0}.Debug|Any CPU.ActiveCfg = Debug|Any CPU
		{BE0F4980-CA02-484B-8DA6-27B04CF51FF0}.Debug|Any CPU.Build.0 = Debug|Any CPU
		{BE0F4980-CA02-484B-8DA6-27B04CF51FF0}.Release|Any CPU.ActiveCfg = Release|Any CPU
		{BE0F4980-CA02-484B-8DA6-27B04CF51FF0}.Release|Any CPU.Build.0 = Release|Any CPU
	EndGlobalSection
	GlobalSection(SolutionProperties) = preSolution
		HideSolutionNode = FALSE
	EndGlobalSection
	GlobalSection(NestedProjects) = preSolution
		{7609A195-7469-425B-A3FB-9ADF29EF8B36} = {52F26A71-5BD6-4629-A410-C80114A1D353}
		{6B4A4D5B-357B-4053-8075-CF210F754A3F} = {52F26A71-5BD6-4629-A410-C80114A1D353}
		{9C2BEB52-73FE-4134-A511-4B082F31C627} = {52F26A71-5BD6-4629-A410-C80114A1D353}
		{8423B2D3-F770-4FE3-BC75-D204B65450F2} = {9C2BEB52-73FE-4134-A511-4B082F31C627}
		{BE0F4980-CA02-484B-8DA6-27B04CF51FF0} = {6B4A4D5B-357B-4053-8075-CF210F754A3F}
	EndGlobalSection
EndGlobal
