
Microsoft Visual Studio Solution File, Format Version 12.00
# Visual Studio 14
VisualStudioVersion = 14.0.23107.0
MinimumVisualStudioVersion = 10.0.40219.1
Project("{2150E333-8FDC-42A3-9474-1A3956D46DE8}") = "src", "src", "{52F26A71-5BD6-4629-A410-C80114A1D353}"
EndProject
Project("{2150E333-8FDC-42A3-9474-1A3956D46DE8}") = "Solution Items", "Solution Items", "{9C4C51A7-DA27-454A-B7FD-6FA6C3417281}"
EndProject
Project("{2150E333-8FDC-42A3-9474-1A3956D46DE8}") = "Presentation", "Presentation", "{7609A195-7469-425B-A3FB-9ADF29EF8B36}"
EndProject
Project("{2150E333-8FDC-42A3-9474-1A3956D46DE8}") = "Business", "Business", "{6B4A4D5B-357B-4053-8075-CF210F754A3F}"
EndProject
Project("{2150E333-8FDC-42A3-9474-1A3956D46DE8}") = "Infrastructure", "Infrastructure", "{9C2BEB52-73FE-4134-A511-4B082F31C627}"
EndProject
Project("{FAE04EC0-301F-11D3-BF4B-00C04F79EFBC}") = "SpaJumpstart.Data", "SpaJumpstart.Data\SpaJumpstart.Data.csproj", "{8423B2D3-F770-4FE3-BC75-D204B65450F2}"
EndProject
Project("{FAE04EC0-301F-11D3-BF4B-00C04F79EFBC}") = "SpaJumpstart.Domain", "SpaJumpstart.Domain\SpaJumpstart.Domain.csproj", "{BE0F4980-CA02-484B-8DA6-27B04CF51FF0}"
EndProject
Project("{2150E333-8FDC-42A3-9474-1A3956D46DE8}") = "Tests", "Tests", "{2C2C3BA1-0F9E-4B35-802A-D41C9077C397}"
EndProject
Project("{2150E333-8FDC-42A3-9474-1A3956D46DE8}") = "Knockout", "Knockout", "{7313FCD7-0B13-411D-B02D-164B4ADE6C0F}"
EndProject
Project("{2150E333-8FDC-42A3-9474-1A3956D46DE8}") = "Angular", "Angular", "{FA37C5DA-C0B6-4615-82A4-5BA35F353401}"
EndProject
Project("{FAE04EC0-301F-11D3-BF4B-00C04F79EFBC}") = "SpaJumpStart.Knockout.Web.App", "SpaJumpStart.Knockout.Web.App\SpaJumpStart.Knockout.Web.App.csproj", "{7EAD6E79-E042-4AEB-AE24-8CC6242328A8}"
EndProject
Project("{FAE04EC0-301F-11D3-BF4B-00C04F79EFBC}") = "SpaJumpStart.Angular.Web.App", "SpaJumpStart.Angular.Web.App\SpaJumpStart.Angular.Web.App.csproj", "{63FD846F-29FD-4F51-A245-5909156D9F6C}"
EndProject
Project("{FAE04EC0-301F-11D3-BF4B-00C04F79EFBC}") = "SpaJumpstart.Services", "SpaJumpstart.Services\SpaJumpstart.Services.csproj", "{7D1C1BF0-D902-4A94-9892-F3B66EDB72AC}"
EndProject
Project("{2150E333-8FDC-42A3-9474-1A3956D46DE8}") = "AppServices", "AppServices", "{5B63B5F7-C2AB-4CA0-8B9C-83D110CAFCB1}"
EndProject
Project("{FAE04EC0-301F-11D3-BF4B-00C04F79EFBC}") = "SpaJumpstart.WebServices", "SpaJumpstart.WebServices\SpaJumpstart.WebServices.csproj", "{ABDB3D82-15A2-4072-94DA-7B8C051EF0C8}"
EndProject
Project("{FAE04EC0-301F-11D3-BF4B-00C04F79EFBC}") = "SpaJumpstart.DataContracts", "SpaJumpstart.DataContracts\SpaJumpstart.DataContracts.csproj", "{6917FD87-09C3-455E-A3A6-E5273609B0C9}"
EndProject
Project("{2150E333-8FDC-42A3-9474-1A3956D46DE8}") = "Unit", "Unit", "{C7B15785-A4AE-4FAF-91E2-4B173BB6BCEB}"
EndProject
Project("{2150E333-8FDC-42A3-9474-1A3956D46DE8}") = "Acceptance", "Acceptance", "{CB49BBFC-69AB-419E-80C0-208E7F261B4E}"
EndProject
Project("{FAE04EC0-301F-11D3-BF4B-00C04F79EFBC}") = "SpaJumpstart.Common.Testing", "..\tests\SpaJumpstart.Common.Testing\SpaJumpstart.Common.Testing.csproj", "{0A1BB581-AB9A-432A-B3EE-07F78ED07235}"
EndProject
Project("{FAE04EC0-301F-11D3-BF4B-00C04F79EFBC}") = "SpaJumpstart.WebServices.Unit.Tests", "Tests\Unit\SpaJumpstart.WebServices.Unit.Tests\SpaJumpstart.WebServices.Unit.Tests.csproj", "{3A591F47-476E-48B6-A2CC-08003D503728}"
EndProject
Project("{FAE04EC0-301F-11D3-BF4B-00C04F79EFBC}") = "SpaJumpstart.Services.Unit.Tests", "Tests\Unit\SpaJumpstart.Services.Unit.Tests\SpaJumpstart.Services.Unit.Tests.csproj", "{FA90F262-E8D0-4E9F-AF97-EACAF5418982}"
EndProject
Project("{2150E333-8FDC-42A3-9474-1A3956D46DE8}") = "Common", "Common", "{9635212B-4766-4A6E-8CF2-E9BCF826FA77}"
EndProject
Project("{FAE04EC0-301F-11D3-BF4B-00C04F79EFBC}") = "SpaJumpstart.Common.Testing", "Tests\SpaJumpstart.Common.Testing\SpaJumpstart.Common.Testing.csproj", "{4CCC1CF2-0997-4923-A55F-B03F4361120E}"
EndProject
Global
	GlobalSection(SolutionConfigurationPlatforms) = preSolution
		Debug|Any CPU = Debug|Any CPU
		Release|Any CPU = Release|Any CPU
	EndGlobalSection
	GlobalSection(ProjectConfigurationPlatforms) = postSolution
		{8423B2D3-F770-4FE3-BC75-D204B65450F2}.Debug|Any CPU.ActiveCfg = Debug|Any CPU
		{8423B2D3-F770-4FE3-BC75-D204B65450F2}.Debug|Any CPU.Build.0 = Debug|Any CPU
		{8423B2D3-F770-4FE3-BC75-D204B65450F2}.Release|Any CPU.ActiveCfg = Release|Any CPU
		{8423B2D3-F770-4FE3-BC75-D204B65450F2}.Release|Any CPU.Build.0 = Release|Any CPU
		{BE0F4980-CA02-484B-8DA6-27B04CF51FF0}.Debug|Any CPU.ActiveCfg = Debug|Any CPU
		{BE0F4980-CA02-484B-8DA6-27B04CF51FF0}.Debug|Any CPU.Build.0 = Debug|Any CPU
		{BE0F4980-CA02-484B-8DA6-27B04CF51FF0}.Release|Any CPU.ActiveCfg = Release|Any CPU
		{BE0F4980-CA02-484B-8DA6-27B04CF51FF0}.Release|Any CPU.Build.0 = Release|Any CPU
		{7EAD6E79-E042-4AEB-AE24-8CC6242328A8}.Debug|Any CPU.ActiveCfg = Debug|Any CPU
		{7EAD6E79-E042-4AEB-AE24-8CC6242328A8}.Debug|Any CPU.Build.0 = Debug|Any CPU
		{7EAD6E79-E042-4AEB-AE24-8CC6242328A8}.Release|Any CPU.ActiveCfg = Release|Any CPU
		{7EAD6E79-E042-4AEB-AE24-8CC6242328A8}.Release|Any CPU.Build.0 = Release|Any CPU
		{63FD846F-29FD-4F51-A245-5909156D9F6C}.Debug|Any CPU.ActiveCfg = Debug|Any CPU
		{63FD846F-29FD-4F51-A245-5909156D9F6C}.Debug|Any CPU.Build.0 = Debug|Any CPU
		{63FD846F-29FD-4F51-A245-5909156D9F6C}.Release|Any CPU.ActiveCfg = Release|Any CPU
		{63FD846F-29FD-4F51-A245-5909156D9F6C}.Release|Any CPU.Build.0 = Release|Any CPU
		{7D1C1BF0-D902-4A94-9892-F3B66EDB72AC}.Debug|Any CPU.ActiveCfg = Debug|Any CPU
		{7D1C1BF0-D902-4A94-9892-F3B66EDB72AC}.Debug|Any CPU.Build.0 = Debug|Any CPU
		{7D1C1BF0-D902-4A94-9892-F3B66EDB72AC}.Release|Any CPU.ActiveCfg = Release|Any CPU
		{7D1C1BF0-D902-4A94-9892-F3B66EDB72AC}.Release|Any CPU.Build.0 = Release|Any CPU
		{ABDB3D82-15A2-4072-94DA-7B8C051EF0C8}.Debug|Any CPU.ActiveCfg = Debug|Any CPU
		{ABDB3D82-15A2-4072-94DA-7B8C051EF0C8}.Debug|Any CPU.Build.0 = Debug|Any CPU
		{ABDB3D82-15A2-4072-94DA-7B8C051EF0C8}.Release|Any CPU.ActiveCfg = Release|Any CPU
		{ABDB3D82-15A2-4072-94DA-7B8C051EF0C8}.Release|Any CPU.Build.0 = Release|Any CPU
		{6917FD87-09C3-455E-A3A6-E5273609B0C9}.Debug|Any CPU.ActiveCfg = Debug|Any CPU
		{6917FD87-09C3-455E-A3A6-E5273609B0C9}.Debug|Any CPU.Build.0 = Debug|Any CPU
		{6917FD87-09C3-455E-A3A6-E5273609B0C9}.Release|Any CPU.ActiveCfg = Release|Any CPU
		{6917FD87-09C3-455E-A3A6-E5273609B0C9}.Release|Any CPU.Build.0 = Release|Any CPU
		{0A1BB581-AB9A-432A-B3EE-07F78ED07235}.Debug|Any CPU.ActiveCfg = Debug|Any CPU
		{0A1BB581-AB9A-432A-B3EE-07F78ED07235}.Debug|Any CPU.Build.0 = Debug|Any CPU
		{0A1BB581-AB9A-432A-B3EE-07F78ED07235}.Release|Any CPU.ActiveCfg = Release|Any CPU
		{0A1BB581-AB9A-432A-B3EE-07F78ED07235}.Release|Any CPU.Build.0 = Release|Any CPU
		{3A591F47-476E-48B6-A2CC-08003D503728}.Debug|Any CPU.ActiveCfg = Debug|Any CPU
		{3A591F47-476E-48B6-A2CC-08003D503728}.Debug|Any CPU.Build.0 = Debug|Any CPU
		{3A591F47-476E-48B6-A2CC-08003D503728}.Release|Any CPU.ActiveCfg = Release|Any CPU
		{3A591F47-476E-48B6-A2CC-08003D503728}.Release|Any CPU.Build.0 = Release|Any CPU
		{FA90F262-E8D0-4E9F-AF97-EACAF5418982}.Debug|Any CPU.ActiveCfg = Debug|Any CPU
		{FA90F262-E8D0-4E9F-AF97-EACAF5418982}.Debug|Any CPU.Build.0 = Debug|Any CPU
		{FA90F262-E8D0-4E9F-AF97-EACAF5418982}.Release|Any CPU.ActiveCfg = Release|Any CPU
		{FA90F262-E8D0-4E9F-AF97-EACAF5418982}.Release|Any CPU.Build.0 = Release|Any CPU
		{4CCC1CF2-0997-4923-A55F-B03F4361120E}.Debug|Any CPU.ActiveCfg = Debug|Any CPU
		{4CCC1CF2-0997-4923-A55F-B03F4361120E}.Debug|Any CPU.Build.0 = Debug|Any CPU
		{4CCC1CF2-0997-4923-A55F-B03F4361120E}.Release|Any CPU.ActiveCfg = Release|Any CPU
		{4CCC1CF2-0997-4923-A55F-B03F4361120E}.Release|Any CPU.Build.0 = Release|Any CPU
	EndGlobalSection
	GlobalSection(SolutionProperties) = preSolution
		HideSolutionNode = FALSE
	EndGlobalSection
	GlobalSection(NestedProjects) = preSolution
		{7609A195-7469-425B-A3FB-9ADF29EF8B36} = {52F26A71-5BD6-4629-A410-C80114A1D353}
		{6B4A4D5B-357B-4053-8075-CF210F754A3F} = {52F26A71-5BD6-4629-A410-C80114A1D353}
		{9C2BEB52-73FE-4134-A511-4B082F31C627} = {52F26A71-5BD6-4629-A410-C80114A1D353}
		{8423B2D3-F770-4FE3-BC75-D204B65450F2} = {9C2BEB52-73FE-4134-A511-4B082F31C627}
		{BE0F4980-CA02-484B-8DA6-27B04CF51FF0} = {6B4A4D5B-357B-4053-8075-CF210F754A3F}
		{7313FCD7-0B13-411D-B02D-164B4ADE6C0F} = {7609A195-7469-425B-A3FB-9ADF29EF8B36}
		{FA37C5DA-C0B6-4615-82A4-5BA35F353401} = {7609A195-7469-425B-A3FB-9ADF29EF8B36}
		{7EAD6E79-E042-4AEB-AE24-8CC6242328A8} = {7313FCD7-0B13-411D-B02D-164B4ADE6C0F}
		{63FD846F-29FD-4F51-A245-5909156D9F6C} = {FA37C5DA-C0B6-4615-82A4-5BA35F353401}
		{7D1C1BF0-D902-4A94-9892-F3B66EDB72AC} = {6B4A4D5B-357B-4053-8075-CF210F754A3F}
		{5B63B5F7-C2AB-4CA0-8B9C-83D110CAFCB1} = {52F26A71-5BD6-4629-A410-C80114A1D353}
		{ABDB3D82-15A2-4072-94DA-7B8C051EF0C8} = {5B63B5F7-C2AB-4CA0-8B9C-83D110CAFCB1}
		{6917FD87-09C3-455E-A3A6-E5273609B0C9} = {9C2BEB52-73FE-4134-A511-4B082F31C627}
		{C7B15785-A4AE-4FAF-91E2-4B173BB6BCEB} = {2C2C3BA1-0F9E-4B35-802A-D41C9077C397}
		{CB49BBFC-69AB-419E-80C0-208E7F261B4E} = {2C2C3BA1-0F9E-4B35-802A-D41C9077C397}
		{0A1BB581-AB9A-432A-B3EE-07F78ED07235} = {2C2C3BA1-0F9E-4B35-802A-D41C9077C397}
		{3A591F47-476E-48B6-A2CC-08003D503728} = {C7B15785-A4AE-4FAF-91E2-4B173BB6BCEB}
		{FA90F262-E8D0-4E9F-AF97-EACAF5418982} = {C7B15785-A4AE-4FAF-91E2-4B173BB6BCEB}
		{9635212B-4766-4A6E-8CF2-E9BCF826FA77} = {2C2C3BA1-0F9E-4B35-802A-D41C9077C397}
		{4CCC1CF2-0997-4923-A55F-B03F4361120E} = {9635212B-4766-4A6E-8CF2-E9BCF826FA77}
	EndGlobalSection
EndGlobal
